// !$*UTF8*$!
{
	archiveVersion = 1;
	classes = {
	};
	objectVersion = 55;
	objects = {

/* Begin PBXBuildFile section */
		8A7287C575ABCF9087FDA0C8 /* Pods_GdeArtUIkit.framework in Frameworks */ = {isa = PBXBuildFile; fileRef = 22B4AC98C476ED052492C836 /* Pods_GdeArtUIkit.framework */; };
		EE3E1098275D15C4005FB97C /* AutorizationFireBase.swift in Sources */ = {isa = PBXBuildFile; fileRef = EE3E1097275D15C4005FB97C /* AutorizationFireBase.swift */; };
		EE3E109A275D18AC005FB97C /* ServiceLocator.swift in Sources */ = {isa = PBXBuildFile; fileRef = EE3E1099275D18AC005FB97C /* ServiceLocator.swift */; };
		EE3E109C275D28C9005FB97C /* FireBaseData.swift in Sources */ = {isa = PBXBuildFile; fileRef = EE3E109B275D28C9005FB97C /* FireBaseData.swift */; };
		EE4AF6C427410422004E3553 /* AppDelegate.swift in Sources */ = {isa = PBXBuildFile; fileRef = EE4AF6C327410422004E3553 /* AppDelegate.swift */; };
		EE4AF6C627410422004E3553 /* SceneDelegate.swift in Sources */ = {isa = PBXBuildFile; fileRef = EE4AF6C527410422004E3553 /* SceneDelegate.swift */; };
		EE4AF6C827410422004E3553 /* ProfilePageViewController.swift in Sources */ = {isa = PBXBuildFile; fileRef = EE4AF6C727410422004E3553 /* ProfilePageViewController.swift */; };
		EE4AF6CB27410422004E3553 /* Main.storyboard in Resources */ = {isa = PBXBuildFile; fileRef = EE4AF6C927410422004E3553 /* Main.storyboard */; };
		EE4AF6CD27410423004E3553 /* Assets.xcassets in Resources */ = {isa = PBXBuildFile; fileRef = EE4AF6CC27410423004E3553 /* Assets.xcassets */; };
		EE4AF6D027410423004E3553 /* LaunchScreen.storyboard in Resources */ = {isa = PBXBuildFile; fileRef = EE4AF6CE27410423004E3553 /* LaunchScreen.storyboard */; };
		EE4AF6D827411E4F004E3553 /* MainTabBarController.swift in Sources */ = {isa = PBXBuildFile; fileRef = EE4AF6D727411E4F004E3553 /* MainTabBarController.swift */; };
		EE4AF6DA2741227B004E3553 /* LoginViewController.swift in Sources */ = {isa = PBXBuildFile; fileRef = EE4AF6D92741227B004E3553 /* LoginViewController.swift */; };
		EE4AF6DF27412B22004E3553 /* Extensions.swift in Sources */ = {isa = PBXBuildFile; fileRef = EE4AF6DE27412B22004E3553 /* Extensions.swift */; };
		EE6214172744073D00ABB57A /* GoogleService-Info.plist in Resources */ = {isa = PBXBuildFile; fileRef = EE6214162744073D00ABB57A /* GoogleService-Info.plist */; };
		EE7B0D9B274410C0009F31C1 /* SignUpViewController.swift in Sources */ = {isa = PBXBuildFile; fileRef = EE7B0D9A274410C0009F31C1 /* SignUpViewController.swift */; };
		EE7B0D9F27452953009F31C1 /* User.swift in Sources */ = {isa = PBXBuildFile; fileRef = EE7B0D9E27452953009F31C1 /* User.swift */; };
		EE7B0DA227453E36009F31C1 /* NewExhibitionViewController.swift in Sources */ = {isa = PBXBuildFile; fileRef = EE7B0DA127453E36009F31C1 /* NewExhibitionViewController.swift */; };
		EE7B0DA4274549B2009F31C1 /* TextFieldView.swift in Sources */ = {isa = PBXBuildFile; fileRef = EE7B0DA3274549B2009F31C1 /* TextFieldView.swift */; };
		EE7B0DA62746628D009F31C1 /* Post.swift in Sources */ = {isa = PBXBuildFile; fileRef = EE7B0DA52746628D009F31C1 /* Post.swift */; };
		EE94E582274920D700C64E33 /* CommentsView.swift in Sources */ = {isa = PBXBuildFile; fileRef = EE94E581274920D700C64E33 /* CommentsView.swift */; };
		EE94E5842749308200C64E33 /* ProfileSwiftUIView.swift in Sources */ = {isa = PBXBuildFile; fileRef = EE94E5832749308200C64E33 /* ProfileSwiftUIView.swift */; };
		EE94E5862749321500C64E33 /* ProfileViewModel.swift in Sources */ = {isa = PBXBuildFile; fileRef = EE94E5852749321500C64E33 /* ProfileViewModel.swift */; };
		EE94E5AA274CE0F400C64E33 /* OpenCallCreatorsView.swift in Sources */ = {isa = PBXBuildFile; fileRef = EE94E5A9274CE0F400C64E33 /* OpenCallCreatorsView.swift */; };
		EE94E5AD274FAC4800C64E33 /* FetchData.swift in Sources */ = {isa = PBXBuildFile; fileRef = EE94E5AC274FAC4700C64E33 /* FetchData.swift */; };
		EEAF532A2747AF3600A13CFA /* FeedViewController.swift in Sources */ = {isa = PBXBuildFile; fileRef = EEAF53292747AF3600A13CFA /* FeedViewController.swift */; };
		EEAF532C2747B10600A13CFA /* OpenCallViewCell.swift in Sources */ = {isa = PBXBuildFile; fileRef = EEAF532B2747B10600A13CFA /* OpenCallViewCell.swift */; };
		EEAF532F2747DCF600A13CFA /* SwiftUIFeedViewController.swift in Sources */ = {isa = PBXBuildFile; fileRef = EEAF532E2747DCF500A13CFA /* SwiftUIFeedViewController.swift */; };
		EEAF53312747DD1400A13CFA /* SwiftUIView.swift in Sources */ = {isa = PBXBuildFile; fileRef = EEAF53302747DD1400A13CFA /* SwiftUIView.swift */; };
		EEAF53332747DE9B00A13CFA /* OpenCallView.swift in Sources */ = {isa = PBXBuildFile; fileRef = EEAF53322747DE9B00A13CFA /* OpenCallView.swift */; };
		EEAF53352747DEE500A13CFA /* OpenCallProfileView.swift in Sources */ = {isa = PBXBuildFile; fileRef = EEAF53342747DEE500A13CFA /* OpenCallProfileView.swift */; };
		EEAF53372747DF2900A13CFA /* ViewModel.swift in Sources */ = {isa = PBXBuildFile; fileRef = EEAF53362747DF2900A13CFA /* ViewModel.swift */; };
/* End PBXBuildFile section */

/* Begin PBXFileReference section */
		22B4AC98C476ED052492C836 /* Pods_GdeArtUIkit.framework */ = {isa = PBXFileReference; explicitFileType = wrapper.framework; includeInIndex = 0; path = Pods_GdeArtUIkit.framework; sourceTree = BUILT_PRODUCTS_DIR; };
		BD1FA440DA518189D0DB9234 /* Pods-GdeArtUIkit.debug.xcconfig */ = {isa = PBXFileReference; includeInIndex = 1; lastKnownFileType = text.xcconfig; name = "Pods-GdeArtUIkit.debug.xcconfig"; path = "Target Support Files/Pods-GdeArtUIkit/Pods-GdeArtUIkit.debug.xcconfig"; sourceTree = "<group>"; };
		E8816160671DD933CE9B19F3 /* Pods-GdeArtUIkit.release.xcconfig */ = {isa = PBXFileReference; includeInIndex = 1; lastKnownFileType = text.xcconfig; name = "Pods-GdeArtUIkit.release.xcconfig"; path = "Target Support Files/Pods-GdeArtUIkit/Pods-GdeArtUIkit.release.xcconfig"; sourceTree = "<group>"; };
		EE3E1097275D15C4005FB97C /* AutorizationFireBase.swift */ = {isa = PBXFileReference; lastKnownFileType = sourcecode.swift; path = AutorizationFireBase.swift; sourceTree = "<group>"; };
		EE3E1099275D18AC005FB97C /* ServiceLocator.swift */ = {isa = PBXFileReference; lastKnownFileType = sourcecode.swift; path = ServiceLocator.swift; sourceTree = "<group>"; };
		EE3E109B275D28C9005FB97C /* FireBaseData.swift */ = {isa = PBXFileReference; lastKnownFileType = sourcecode.swift; path = FireBaseData.swift; sourceTree = "<group>"; };
		EE4AF6C027410422004E3553 /* GdeArtUIkit.app */ = {isa = PBXFileReference; explicitFileType = wrapper.application; includeInIndex = 0; path = GdeArtUIkit.app; sourceTree = BUILT_PRODUCTS_DIR; };
		EE4AF6C327410422004E3553 /* AppDelegate.swift */ = {isa = PBXFileReference; lastKnownFileType = sourcecode.swift; path = AppDelegate.swift; sourceTree = "<group>"; };
		EE4AF6C527410422004E3553 /* SceneDelegate.swift */ = {isa = PBXFileReference; lastKnownFileType = sourcecode.swift; path = SceneDelegate.swift; sourceTree = "<group>"; };
		EE4AF6C727410422004E3553 /* ProfilePageViewController.swift */ = {isa = PBXFileReference; lastKnownFileType = sourcecode.swift; path = ProfilePageViewController.swift; sourceTree = "<group>"; };
		EE4AF6CA27410422004E3553 /* Base */ = {isa = PBXFileReference; lastKnownFileType = file.storyboard; name = Base; path = Base.lproj/Main.storyboard; sourceTree = "<group>"; };
		EE4AF6CC27410423004E3553 /* Assets.xcassets */ = {isa = PBXFileReference; lastKnownFileType = folder.assetcatalog; path = Assets.xcassets; sourceTree = "<group>"; };
		EE4AF6CF27410423004E3553 /* Base */ = {isa = PBXFileReference; lastKnownFileType = file.storyboard; name = Base; path = Base.lproj/LaunchScreen.storyboard; sourceTree = "<group>"; };
		EE4AF6D127410423004E3553 /* Info.plist */ = {isa = PBXFileReference; lastKnownFileType = text.plist.xml; path = Info.plist; sourceTree = "<group>"; };
		EE4AF6D727411E4F004E3553 /* MainTabBarController.swift */ = {isa = PBXFileReference; lastKnownFileType = sourcecode.swift; path = MainTabBarController.swift; sourceTree = "<group>"; };
		EE4AF6D92741227B004E3553 /* LoginViewController.swift */ = {isa = PBXFileReference; lastKnownFileType = sourcecode.swift; path = LoginViewController.swift; sourceTree = "<group>"; };
		EE4AF6DE27412B22004E3553 /* Extensions.swift */ = {isa = PBXFileReference; lastKnownFileType = sourcecode.swift; path = Extensions.swift; sourceTree = "<group>"; };
		EE6214162744073D00ABB57A /* GoogleService-Info.plist */ = {isa = PBXFileReference; fileEncoding = 4; lastKnownFileType = text.plist.xml; path = "GoogleService-Info.plist"; sourceTree = "<group>"; };
		EE7B0D9A274410C0009F31C1 /* SignUpViewController.swift */ = {isa = PBXFileReference; lastKnownFileType = sourcecode.swift; path = SignUpViewController.swift; sourceTree = "<group>"; };
		EE7B0D9E27452953009F31C1 /* User.swift */ = {isa = PBXFileReference; lastKnownFileType = sourcecode.swift; path = User.swift; sourceTree = "<group>"; };
		EE7B0DA127453E36009F31C1 /* NewExhibitionViewController.swift */ = {isa = PBXFileReference; lastKnownFileType = sourcecode.swift; path = NewExhibitionViewController.swift; sourceTree = "<group>"; };
		EE7B0DA3274549B2009F31C1 /* TextFieldView.swift */ = {isa = PBXFileReference; lastKnownFileType = sourcecode.swift; path = TextFieldView.swift; sourceTree = "<group>"; };
		EE7B0DA52746628D009F31C1 /* Post.swift */ = {isa = PBXFileReference; lastKnownFileType = sourcecode.swift; path = Post.swift; sourceTree = "<group>"; };
		EE94E581274920D700C64E33 /* CommentsView.swift */ = {isa = PBXFileReference; lastKnownFileType = sourcecode.swift; path = CommentsView.swift; sourceTree = "<group>"; };
		EE94E5832749308200C64E33 /* ProfileSwiftUIView.swift */ = {isa = PBXFileReference; lastKnownFileType = sourcecode.swift; path = ProfileSwiftUIView.swift; sourceTree = "<group>"; };
		EE94E5852749321500C64E33 /* ProfileViewModel.swift */ = {isa = PBXFileReference; lastKnownFileType = sourcecode.swift; path = ProfileViewModel.swift; sourceTree = "<group>"; };
		EE94E5A9274CE0F400C64E33 /* OpenCallCreatorsView.swift */ = {isa = PBXFileReference; lastKnownFileType = sourcecode.swift; path = OpenCallCreatorsView.swift; sourceTree = "<group>"; };
		EE94E5AC274FAC4700C64E33 /* FetchData.swift */ = {isa = PBXFileReference; lastKnownFileType = sourcecode.swift; path = FetchData.swift; sourceTree = "<group>"; };
		EEAF53292747AF3600A13CFA /* FeedViewController.swift */ = {isa = PBXFileReference; lastKnownFileType = sourcecode.swift; path = FeedViewController.swift; sourceTree = "<group>"; };
		EEAF532B2747B10600A13CFA /* OpenCallViewCell.swift */ = {isa = PBXFileReference; lastKnownFileType = sourcecode.swift; path = OpenCallViewCell.swift; sourceTree = "<group>"; };
		EEAF532E2747DCF500A13CFA /* SwiftUIFeedViewController.swift */ = {isa = PBXFileReference; lastKnownFileType = sourcecode.swift; path = SwiftUIFeedViewController.swift; sourceTree = "<group>"; };
		EEAF53302747DD1400A13CFA /* SwiftUIView.swift */ = {isa = PBXFileReference; lastKnownFileType = sourcecode.swift; path = SwiftUIView.swift; sourceTree = "<group>"; };
		EEAF53322747DE9B00A13CFA /* OpenCallView.swift */ = {isa = PBXFileReference; lastKnownFileType = sourcecode.swift; path = OpenCallView.swift; sourceTree = "<group>"; };
		EEAF53342747DEE500A13CFA /* OpenCallProfileView.swift */ = {isa = PBXFileReference; lastKnownFileType = sourcecode.swift; path = OpenCallProfileView.swift; sourceTree = "<group>"; };
		EEAF53362747DF2900A13CFA /* ViewModel.swift */ = {isa = PBXFileReference; lastKnownFileType = sourcecode.swift; path = ViewModel.swift; sourceTree = "<group>"; };
/* End PBXFileReference section */

/* Begin PBXFrameworksBuildPhase section */
		EE4AF6BD27410422004E3553 /* Frameworks */ = {
			isa = PBXFrameworksBuildPhase;
			buildActionMask = 2147483647;
			files = (
				8A7287C575ABCF9087FDA0C8 /* Pods_GdeArtUIkit.framework in Frameworks */,
			);
			runOnlyForDeploymentPostprocessing = 0;
		};
/* End PBXFrameworksBuildPhase section */

/* Begin PBXGroup section */
		81FBBCEF7780BFD68B940DA3 /* Pods */ = {
			isa = PBXGroup;
			children = (
				BD1FA440DA518189D0DB9234 /* Pods-GdeArtUIkit.debug.xcconfig */,
				E8816160671DD933CE9B19F3 /* Pods-GdeArtUIkit.release.xcconfig */,
			);
			path = Pods;
			sourceTree = "<group>";
		};
		D1EFC854ED3EEFD85ABDC3F6 /* Frameworks */ = {
			isa = PBXGroup;
			children = (
				22B4AC98C476ED052492C836 /* Pods_GdeArtUIkit.framework */,
			);
			name = Frameworks;
			sourceTree = "<group>";
		};
		EE4AF6B727410422004E3553 = {
			isa = PBXGroup;
			children = (
				EE4AF6C227410422004E3553 /* GdeArtUIkit */,
				EE4AF6C127410422004E3553 /* Products */,
				81FBBCEF7780BFD68B940DA3 /* Pods */,
				D1EFC854ED3EEFD85ABDC3F6 /* Frameworks */,
			);
			sourceTree = "<group>";
		};
		EE4AF6C127410422004E3553 /* Products */ = {
			isa = PBXGroup;
			children = (
				EE4AF6C027410422004E3553 /* GdeArtUIkit.app */,
			);
			name = Products;
			sourceTree = "<group>";
		};
		EE4AF6C227410422004E3553 /* GdeArtUIkit */ = {
			isa = PBXGroup;
			children = (
				EE4AF6D727411E4F004E3553 /* MainTabBarController.swift */,
				EE3E1099275D18AC005FB97C /* ServiceLocator.swift */,
				EE94E5AB274FAC1900C64E33 /* Firebase */,
				EEAF532D2747DCCE00A13CFA /* SwiftUIFeed */,
				EEAF53282747AF1E00A13CFA /* Feed */,
				EE7B0DA027453DFA009F31C1 /* NewExhibition */,
				EE7B0D9C27450C06009F31C1 /* Profile */,
				EE4AF6DB2741228A004E3553 /* Login */,
				EE7B0D9D2745293C009F31C1 /* Models */,
				EE4AF6DD27412B07004E3553 /* Extansions */,
				EE4AF6DC27412315004E3553 /* System */,
				EE4AF6D127410423004E3553 /* Info.plist */,
			);
			path = GdeArtUIkit;
			sourceTree = "<group>";
		};
		EE4AF6DB2741228A004E3553 /* Login */ = {
			isa = PBXGroup;
			children = (
				EE4AF6D92741227B004E3553 /* LoginViewController.swift */,
				EE7B0D9A274410C0009F31C1 /* SignUpViewController.swift */,
			);
			path = Login;
			sourceTree = "<group>";
		};
		EE4AF6DC27412315004E3553 /* System */ = {
			isa = PBXGroup;
			children = (
				EE4AF6C327410422004E3553 /* AppDelegate.swift */,
				EE4AF6C527410422004E3553 /* SceneDelegate.swift */,
				EE6214162744073D00ABB57A /* GoogleService-Info.plist */,
				EE4AF6C927410422004E3553 /* Main.storyboard */,
				EE4AF6CE27410423004E3553 /* LaunchScreen.storyboard */,
				EE4AF6CC27410423004E3553 /* Assets.xcassets */,
			);
			path = System;
			sourceTree = "<group>";
		};
		EE4AF6DD27412B07004E3553 /* Extansions */ = {
			isa = PBXGroup;
			children = (
				EE4AF6DE27412B22004E3553 /* Extensions.swift */,
			);
			path = Extansions;
			sourceTree = "<group>";
		};
		EE7B0D9C27450C06009F31C1 /* Profile */ = {
			isa = PBXGroup;
			children = (
				EE4AF6C727410422004E3553 /* ProfilePageViewController.swift */,
				EE94E5832749308200C64E33 /* ProfileSwiftUIView.swift */,
				EE94E5A9274CE0F400C64E33 /* OpenCallCreatorsView.swift */,
				EE94E5852749321500C64E33 /* ProfileViewModel.swift */,
			);
			path = Profile;
			sourceTree = "<group>";
		};
		EE7B0D9D2745293C009F31C1 /* Models */ = {
			isa = PBXGroup;
			children = (
				EE7B0D9E27452953009F31C1 /* User.swift */,
				EE7B0DA52746628D009F31C1 /* Post.swift */,
			);
			path = Models;
			sourceTree = "<group>";
		};
		EE7B0DA027453DFA009F31C1 /* NewExhibition */ = {
			isa = PBXGroup;
			children = (
				EE7B0DA127453E36009F31C1 /* NewExhibitionViewController.swift */,
				EE7B0DA3274549B2009F31C1 /* TextFieldView.swift */,
			);
			path = NewExhibition;
			sourceTree = "<group>";
		};
		EE94E5AB274FAC1900C64E33 /* Firebase */ = {
			isa = PBXGroup;
			children = (
				EE94E5AC274FAC4700C64E33 /* FetchData.swift */,
				EE3E109B275D28C9005FB97C /* FireBaseData.swift */,
				EE3E1097275D15C4005FB97C /* AutorizationFireBase.swift */,
			);
			path = Firebase;
			sourceTree = "<group>";
		};
		EEAF53282747AF1E00A13CFA /* Feed */ = {
			isa = PBXGroup;
			children = (
				EEAF53292747AF3600A13CFA /* FeedViewController.swift */,
				EEAF532B2747B10600A13CFA /* OpenCallViewCell.swift */,
			);
			path = Feed;
			sourceTree = "<group>";
		};
		EEAF532D2747DCCE00A13CFA /* SwiftUIFeed */ = {
			isa = PBXGroup;
			children = (
				EEAF532E2747DCF500A13CFA /* SwiftUIFeedViewController.swift */,
				EEAF53302747DD1400A13CFA /* SwiftUIView.swift */,
				EEAF53342747DEE500A13CFA /* OpenCallProfileView.swift */,
				EE94E581274920D700C64E33 /* CommentsView.swift */,
				EEAF53322747DE9B00A13CFA /* OpenCallView.swift */,
				EEAF53362747DF2900A13CFA /* ViewModel.swift */,
			);
			path = SwiftUIFeed;
			sourceTree = "<group>";
		};
/* End PBXGroup section */

/* Begin PBXNativeTarget section */
		EE4AF6BF27410422004E3553 /* GdeArtUIkit */ = {
			isa = PBXNativeTarget;
			buildConfigurationList = EE4AF6D427410423004E3553 /* Build configuration list for PBXNativeTarget "GdeArtUIkit" */;
			buildPhases = (
				873544C287C964743DDE4AB6 /* [CP] Check Pods Manifest.lock */,
				EE4AF6BC27410422004E3553 /* Sources */,
				EE4AF6BD27410422004E3553 /* Frameworks */,
				EE4AF6BE27410422004E3553 /* Resources */,
				9544E2E9C2A52C9140DD7D2C /* [CP] Embed Pods Frameworks */,
			);
			buildRules = (
			);
			dependencies = (
			);
			name = GdeArtUIkit;
			productName = GdeArtUIkit;
			productReference = EE4AF6C027410422004E3553 /* GdeArtUIkit.app */;
			productType = "com.apple.product-type.application";
		};
/* End PBXNativeTarget section */

/* Begin PBXProject section */
		EE4AF6B827410422004E3553 /* Project object */ = {
			isa = PBXProject;
			attributes = {
				BuildIndependentTargetsInParallel = 1;
				LastSwiftUpdateCheck = 1310;
				LastUpgradeCheck = 1310;
				TargetAttributes = {
					EE4AF6BF27410422004E3553 = {
						CreatedOnToolsVersion = 13.1;
					};
				};
			};
			buildConfigurationList = EE4AF6BB27410422004E3553 /* Build configuration list for PBXProject "GdeArtUIkit" */;
			compatibilityVersion = "Xcode 13.0";
			developmentRegion = en;
			hasScannedForEncodings = 0;
			knownRegions = (
				en,
				Base,
			);
			mainGroup = EE4AF6B727410422004E3553;
			productRefGroup = EE4AF6C127410422004E3553 /* Products */;
			projectDirPath = "";
			projectRoot = "";
			targets = (
				EE4AF6BF27410422004E3553 /* GdeArtUIkit */,
			);
		};
/* End PBXProject section */

/* Begin PBXResourcesBuildPhase section */
		EE4AF6BE27410422004E3553 /* Resources */ = {
			isa = PBXResourcesBuildPhase;
			buildActionMask = 2147483647;
			files = (
				EE4AF6D027410423004E3553 /* LaunchScreen.storyboard in Resources */,
				EE4AF6CD27410423004E3553 /* Assets.xcassets in Resources */,
				EE6214172744073D00ABB57A /* GoogleService-Info.plist in Resources */,
				EE4AF6CB27410422004E3553 /* Main.storyboard in Resources */,
			);
			runOnlyForDeploymentPostprocessing = 0;
		};
/* End PBXResourcesBuildPhase section */

/* Begin PBXShellScriptBuildPhase section */
		873544C287C964743DDE4AB6 /* [CP] Check Pods Manifest.lock */ = {
			isa = PBXShellScriptBuildPhase;
			buildActionMask = 2147483647;
			files = (
			);
			inputFileListPaths = (
			);
			inputPaths = (
				"${PODS_PODFILE_DIR_PATH}/Podfile.lock",
				"${PODS_ROOT}/Manifest.lock",
			);
			name = "[CP] Check Pods Manifest.lock";
			outputFileListPaths = (
			);
			outputPaths = (
				"$(DERIVED_FILE_DIR)/Pods-GdeArtUIkit-checkManifestLockResult.txt",
			);
			runOnlyForDeploymentPostprocessing = 0;
			shellPath = /bin/sh;
			shellScript = "diff \"${PODS_PODFILE_DIR_PATH}/Podfile.lock\" \"${PODS_ROOT}/Manifest.lock\" > /dev/null\nif [ $? != 0 ] ; then\n    # print error to STDERR\n    echo \"error: The sandbox is not in sync with the Podfile.lock. Run 'pod install' or update your CocoaPods installation.\" >&2\n    exit 1\nfi\n# This output is used by Xcode 'outputs' to avoid re-running this script phase.\necho \"SUCCESS\" > \"${SCRIPT_OUTPUT_FILE_0}\"\n";
			showEnvVarsInLog = 0;
		};
		9544E2E9C2A52C9140DD7D2C /* [CP] Embed Pods Frameworks */ = {
			isa = PBXShellScriptBuildPhase;
			buildActionMask = 2147483647;
			files = (
			);
			inputFileListPaths = (
				"${PODS_ROOT}/Target Support Files/Pods-GdeArtUIkit/Pods-GdeArtUIkit-frameworks-${CONFIGURATION}-input-files.xcfilelist",
			);
			name = "[CP] Embed Pods Frameworks";
			outputFileListPaths = (
				"${PODS_ROOT}/Target Support Files/Pods-GdeArtUIkit/Pods-GdeArtUIkit-frameworks-${CONFIGURATION}-output-files.xcfilelist",
			);
			runOnlyForDeploymentPostprocessing = 0;
			shellPath = /bin/sh;
			shellScript = "\"${PODS_ROOT}/Target Support Files/Pods-GdeArtUIkit/Pods-GdeArtUIkit-frameworks.sh\"\n";
			showEnvVarsInLog = 0;
		};
/* End PBXShellScriptBuildPhase section */

/* Begin PBXSourcesBuildPhase section */
		EE4AF6BC27410422004E3553 /* Sources */ = {
			isa = PBXSourcesBuildPhase;
			buildActionMask = 2147483647;
			files = (
				EEAF532C2747B10600A13CFA /* OpenCallViewCell.swift in Sources */,
				EE94E582274920D700C64E33 /* CommentsView.swift in Sources */,
				EEAF53352747DEE500A13CFA /* OpenCallProfileView.swift in Sources */,
				EE94E5AA274CE0F400C64E33 /* OpenCallCreatorsView.swift in Sources */,
				EE4AF6C827410422004E3553 /* ProfilePageViewController.swift in Sources */,
				EE7B0DA62746628D009F31C1 /* Post.swift in Sources */,
				EE7B0D9B274410C0009F31C1 /* SignUpViewController.swift in Sources */,
				EE3E1098275D15C4005FB97C /* AutorizationFireBase.swift in Sources */,
				EE94E5862749321500C64E33 /* ProfileViewModel.swift in Sources */,
				EE7B0DA4274549B2009F31C1 /* TextFieldView.swift in Sources */,
				EE4AF6DF27412B22004E3553 /* Extensions.swift in Sources */,
				EEAF53332747DE9B00A13CFA /* OpenCallView.swift in Sources */,
				EE4AF6C427410422004E3553 /* AppDelegate.swift in Sources */,
				EE94E5AD274FAC4800C64E33 /* FetchData.swift in Sources */,
				EE7B0D9F27452953009F31C1 /* User.swift in Sources */,
				EEAF53372747DF2900A13CFA /* ViewModel.swift in Sources */,
				EE3E109A275D18AC005FB97C /* ServiceLocator.swift in Sources */,
				EEAF532F2747DCF600A13CFA /* SwiftUIFeedViewController.swift in Sources */,
				EE4AF6D827411E4F004E3553 /* MainTabBarController.swift in Sources */,
				EE7B0DA227453E36009F31C1 /* NewExhibitionViewController.swift in Sources */,
				EE4AF6DA2741227B004E3553 /* LoginViewController.swift in Sources */,
				EEAF532A2747AF3600A13CFA /* FeedViewController.swift in Sources */,
				EE3E109C275D28C9005FB97C /* FireBaseData.swift in Sources */,
				EE4AF6C627410422004E3553 /* SceneDelegate.swift in Sources */,
				EE94E5842749308200C64E33 /* ProfileSwiftUIView.swift in Sources */,
				EEAF53312747DD1400A13CFA /* SwiftUIView.swift in Sources */,
			);
			runOnlyForDeploymentPostprocessing = 0;
		};
/* End PBXSourcesBuildPhase section */

/* Begin PBXVariantGroup section */
		EE4AF6C927410422004E3553 /* Main.storyboard */ = {
			isa = PBXVariantGroup;
			children = (
				EE4AF6CA27410422004E3553 /* Base */,
			);
			name = Main.storyboard;
			sourceTree = "<group>";
		};
		EE4AF6CE27410423004E3553 /* LaunchScreen.storyboard */ = {
			isa = PBXVariantGroup;
			children = (
				EE4AF6CF27410423004E3553 /* Base */,
			);
			name = LaunchScreen.storyboard;
			sourceTree = "<group>";
		};
/* End PBXVariantGroup section */

/* Begin XCBuildConfiguration section */
		EE4AF6D227410423004E3553 /* Debug */ = {
			isa = XCBuildConfiguration;
			buildSettings = {
				ALWAYS_SEARCH_USER_PATHS = NO;
				CLANG_ANALYZER_NONNULL = YES;
				CLANG_ANALYZER_NUMBER_OBJECT_CONVERSION = YES_AGGRESSIVE;
				CLANG_CXX_LANGUAGE_STANDARD = "gnu++17";
				CLANG_CXX_LIBRARY = "libc++";
				CLANG_ENABLE_MODULES = YES;
				CLANG_ENABLE_OBJC_ARC = YES;
				CLANG_ENABLE_OBJC_WEAK = YES;
				CLANG_WARN_BLOCK_CAPTURE_AUTORELEASING = YES;
				CLANG_WARN_BOOL_CONVERSION = YES;
				CLANG_WARN_COMMA = YES;
				CLANG_WARN_CONSTANT_CONVERSION = YES;
				CLANG_WARN_DEPRECATED_OBJC_IMPLEMENTATIONS = YES;
				CLANG_WARN_DIRECT_OBJC_ISA_USAGE = YES_ERROR;
				CLANG_WARN_DOCUMENTATION_COMMENTS = YES;
				CLANG_WARN_EMPTY_BODY = YES;
				CLANG_WARN_ENUM_CONVERSION = YES;
				CLANG_WARN_INFINITE_RECURSION = YES;
				CLANG_WARN_INT_CONVERSION = YES;
				CLANG_WARN_NON_LITERAL_NULL_CONVERSION = YES;
				CLANG_WARN_OBJC_IMPLICIT_RETAIN_SELF = YES;
				CLANG_WARN_OBJC_LITERAL_CONVERSION = YES;
				CLANG_WARN_OBJC_ROOT_CLASS = YES_ERROR;
				CLANG_WARN_QUOTED_INCLUDE_IN_FRAMEWORK_HEADER = YES;
				CLANG_WARN_RANGE_LOOP_ANALYSIS = YES;
				CLANG_WARN_STRICT_PROTOTYPES = YES;
				CLANG_WARN_SUSPICIOUS_MOVE = YES;
				CLANG_WARN_UNGUARDED_AVAILABILITY = YES_AGGRESSIVE;
				CLANG_WARN_UNREACHABLE_CODE = YES;
				CLANG_WARN__DUPLICATE_METHOD_MATCH = YES;
				COPY_PHASE_STRIP = NO;
				DEBUG_INFORMATION_FORMAT = dwarf;
				ENABLE_STRICT_OBJC_MSGSEND = YES;
				ENABLE_TESTABILITY = YES;
				GCC_C_LANGUAGE_STANDARD = gnu11;
				GCC_DYNAMIC_NO_PIC = NO;
				GCC_NO_COMMON_BLOCKS = YES;
				GCC_OPTIMIZATION_LEVEL = 0;
				GCC_PREPROCESSOR_DEFINITIONS = (
					"DEBUG=1",
					"$(inherited)",
				);
				GCC_WARN_64_TO_32_BIT_CONVERSION = YES;
				GCC_WARN_ABOUT_RETURN_TYPE = YES_ERROR;
				GCC_WARN_UNDECLARED_SELECTOR = YES;
				GCC_WARN_UNINITIALIZED_AUTOS = YES_AGGRESSIVE;
				GCC_WARN_UNUSED_FUNCTION = YES;
				GCC_WARN_UNUSED_VARIABLE = YES;
				IPHONEOS_DEPLOYMENT_TARGET = 15.0;
				MTL_ENABLE_DEBUG_INFO = INCLUDE_SOURCE;
				MTL_FAST_MATH = YES;
				ONLY_ACTIVE_ARCH = YES;
				SDKROOT = iphoneos;
				SWIFT_ACTIVE_COMPILATION_CONDITIONS = DEBUG;
				SWIFT_OPTIMIZATION_LEVEL = "-Onone";
			};
			name = Debug;
		};
		EE4AF6D327410423004E3553 /* Release */ = {
			isa = XCBuildConfiguration;
			buildSettings = {
				ALWAYS_SEARCH_USER_PATHS = NO;
				CLANG_ANALYZER_NONNULL = YES;
				CLANG_ANALYZER_NUMBER_OBJECT_CONVERSION = YES_AGGRESSIVE;
				CLANG_CXX_LANGUAGE_STANDARD = "gnu++17";
				CLANG_CXX_LIBRARY = "libc++";
				CLANG_ENABLE_MODULES = YES;
				CLANG_ENABLE_OBJC_ARC = YES;
				CLANG_ENABLE_OBJC_WEAK = YES;
				CLANG_WARN_BLOCK_CAPTURE_AUTORELEASING = YES;
				CLANG_WARN_BOOL_CONVERSION = YES;
				CLANG_WARN_COMMA = YES;
				CLANG_WARN_CONSTANT_CONVERSION = YES;
				CLANG_WARN_DEPRECATED_OBJC_IMPLEMENTATIONS = YES;
				CLANG_WARN_DIRECT_OBJC_ISA_USAGE = YES_ERROR;
				CLANG_WARN_DOCUMENTATION_COMMENTS = YES;
				CLANG_WARN_EMPTY_BODY = YES;
				CLANG_WARN_ENUM_CONVERSION = YES;
				CLANG_WARN_INFINITE_RECURSION = YES;
				CLANG_WARN_INT_CONVERSION = YES;
				CLANG_WARN_NON_LITERAL_NULL_CONVERSION = YES;
				CLANG_WARN_OBJC_IMPLICIT_RETAIN_SELF = YES;
				CLANG_WARN_OBJC_LITERAL_CONVERSION = YES;
				CLANG_WARN_OBJC_ROOT_CLASS = YES_ERROR;
				CLANG_WARN_QUOTED_INCLUDE_IN_FRAMEWORK_HEADER = YES;
				CLANG_WARN_RANGE_LOOP_ANALYSIS = YES;
				CLANG_WARN_STRICT_PROTOTYPES = YES;
				CLANG_WARN_SUSPICIOUS_MOVE = YES;
				CLANG_WARN_UNGUARDED_AVAILABILITY = YES_AGGRESSIVE;
				CLANG_WARN_UNREACHABLE_CODE = YES;
				CLANG_WARN__DUPLICATE_METHOD_MATCH = YES;
				COPY_PHASE_STRIP = NO;
				DEBUG_INFORMATION_FORMAT = "dwarf-with-dsym";
				ENABLE_NS_ASSERTIONS = NO;
				ENABLE_STRICT_OBJC_MSGSEND = YES;
				GCC_C_LANGUAGE_STANDARD = gnu11;
				GCC_NO_COMMON_BLOCKS = YES;
				GCC_WARN_64_TO_32_BIT_CONVERSION = YES;
				GCC_WARN_ABOUT_RETURN_TYPE = YES_ERROR;
				GCC_WARN_UNDECLARED_SELECTOR = YES;
				GCC_WARN_UNINITIALIZED_AUTOS = YES_AGGRESSIVE;
				GCC_WARN_UNUSED_FUNCTION = YES;
				GCC_WARN_UNUSED_VARIABLE = YES;
				IPHONEOS_DEPLOYMENT_TARGET = 15.0;
				MTL_ENABLE_DEBUG_INFO = NO;
				MTL_FAST_MATH = YES;
				SDKROOT = iphoneos;
				SWIFT_COMPILATION_MODE = wholemodule;
				SWIFT_OPTIMIZATION_LEVEL = "-O";
				VALIDATE_PRODUCT = YES;
			};
			name = Release;
		};
		EE4AF6D527410423004E3553 /* Debug */ = {
			isa = XCBuildConfiguration;
			baseConfigurationReference = BD1FA440DA518189D0DB9234 /* Pods-GdeArtUIkit.debug.xcconfig */;
			buildSettings = {
				ASSETCATALOG_COMPILER_APPICON_NAME = AppIcon;
				ASSETCATALOG_COMPILER_GLOBAL_ACCENT_COLOR_NAME = AccentColor;
				CODE_SIGN_STYLE = Automatic;
				CURRENT_PROJECT_VERSION = 1;
				DEVELOPMENT_TEAM = 9C3YYD2ZUU;
				GENERATE_INFOPLIST_FILE = YES;
				INFOPLIST_FILE = GdeArtUIkit/Info.plist;
				INFOPLIST_KEY_UIApplicationSupportsIndirectInputEvents = YES;
				INFOPLIST_KEY_UILaunchStoryboardName = LaunchScreen;
				INFOPLIST_KEY_UIMainStoryboardFile = Main;
				INFOPLIST_KEY_UISupportedInterfaceOrientations_iPad = "UIInterfaceOrientationPortrait UIInterfaceOrientationPortraitUpsideDown UIInterfaceOrientationLandscapeLeft UIInterfaceOrientationLandscapeRight";
				INFOPLIST_KEY_UISupportedInterfaceOrientations_iPhone = "UIInterfaceOrientationPortrait UIInterfaceOrientationLandscapeLeft UIInterfaceOrientationLandscapeRight";
				LD_RUNPATH_SEARCH_PATHS = (
					"$(inherited)",
					"@executable_path/Frameworks",
				);
				MARKETING_VERSION = 1.0;
				PRODUCT_BUNDLE_IDENTIFIER = ZhingelStas.GdeArtUIkit;
				PRODUCT_NAME = "$(TARGET_NAME)";
				SWIFT_EMIT_LOC_STRINGS = YES;
				SWIFT_VERSION = 5.0;
				TARGETED_DEVICE_FAMILY = "1,2";
			};
			name = Debug;
		};
		EE4AF6D627410423004E3553 /* Release */ = {
			isa = XCBuildConfiguration;
			baseConfigurationReference = E8816160671DD933CE9B19F3 /* Pods-GdeArtUIkit.release.xcconfig */;
			buildSettings = {
				ASSETCATALOG_COMPILER_APPICON_NAME = AppIcon;
				ASSETCATALOG_COMPILER_GLOBAL_ACCENT_COLOR_NAME = AccentColor;
				CODE_SIGN_STYLE = Automatic;
				CURRENT_PROJECT_VERSION = 1;
				DEVELOPMENT_TEAM = 9C3YYD2ZUU;
				GENERATE_INFOPLIST_FILE = YES;
				INFOPLIST_FILE = GdeArtUIkit/Info.plist;
				INFOPLIST_KEY_UIApplicationSupportsIndirectInputEvents = YES;
				INFOPLIST_KEY_UILaunchStoryboardName = LaunchScreen;
				INFOPLIST_KEY_UIMainStoryboardFile = Main;
				INFOPLIST_KEY_UISupportedInterfaceOrientations_iPad = "UIInterfaceOrientationPortrait UIInterfaceOrientationPortraitUpsideDown UIInterfaceOrientationLandscapeLeft UIInterfaceOrientationLandscapeRight";
				INFOPLIST_KEY_UISupportedInterfaceOrientations_iPhone = "UIInterfaceOrientationPortrait UIInterfaceOrientationLandscapeLeft UIInterfaceOrientationLandscapeRight";
				LD_RUNPATH_SEARCH_PATHS = (
					"$(inherited)",
					"@executable_path/Frameworks",
				);
				MARKETING_VERSION = 1.0;
				PRODUCT_BUNDLE_IDENTIFIER = ZhingelStas.GdeArtUIkit;
				PRODUCT_NAME = "$(TARGET_NAME)";
				SWIFT_EMIT_LOC_STRINGS = YES;
				SWIFT_VERSION = 5.0;
				TARGETED_DEVICE_FAMILY = "1,2";
			};
			name = Release;
		};
/* End XCBuildConfiguration section */

/* Begin XCConfigurationList section */
		EE4AF6BB27410422004E3553 /* Build configuration list for PBXProject "GdeArtUIkit" */ = {
			isa = XCConfigurationList;
			buildConfigurations = (
				EE4AF6D227410423004E3553 /* Debug */,
				EE4AF6D327410423004E3553 /* Release */,
			);
			defaultConfigurationIsVisible = 0;
			defaultConfigurationName = Release;
		};
		EE4AF6D427410423004E3553 /* Build configuration list for PBXNativeTarget "GdeArtUIkit" */ = {
			isa = XCConfigurationList;
			buildConfigurations = (
				EE4AF6D527410423004E3553 /* Debug */,
				EE4AF6D627410423004E3553 /* Release */,
			);
			defaultConfigurationIsVisible = 0;
			defaultConfigurationName = Release;
		};
/* End XCConfigurationList section */
	};
	rootObject = EE4AF6B827410422004E3553 /* Project object */;
}
